
Microsoft Visual Studio Solution File, Format Version 12.00
# Visual Studio Version 17
VisualStudioVersion = 17.11.35312.102
MinimumVisualStudioVersion = 10.0.40219.1
Project("{FAE04EC0-301F-11D3-BF4B-00C04F79EFBC}") = "WebApplication1", "WebApplication1\WebApplication1.csproj", "{17B4A649-E6F2-4259-BA34-5395DF0E7A27}"
EndProject
Global
	GlobalSection(SolutionConfigurationPlatforms) = preSolution
		Debug|Any CPU = Debug|Any CPU
		Release|Any CPU = Release|Any CPU
	EndGlobalSection
	GlobalSection(ProjectConfigurationPlatforms) = postSolution
		{17B4A649-E6F2-4259-BA34-5395DF0E7A27}.Debug|Any CPU.ActiveCfg = Debug|Any CPU
		{17B4A649-E6F2-4259-BA34-5395DF0E7A27}.Debug|Any CPU.Build.0 = Debug|Any CPU
		{17B4A649-E6F2-4259-BA34-5395DF0E7A27}.Release|Any CPU.ActiveCfg = Release|Any CPU
		{17B4A649-E6F2-4259-BA34-5395DF0E7A27}.Release|Any CPU.Build.0 = Release|Any CPU
	EndGlobalSection
	GlobalSection(SolutionProperties) = preSolution
		HideSolutionNode = FALSE
	EndGlobalSection
	GlobalSection(ExtensibilityGlobals) = postSolution
		SolutionGuid = {DEE5C4E7-0C07-4C9A-8C72-E32149AEE851}
	EndGlobalSection
EndGlobal
